PODS:
  - MZFayeClient (1.0.3):
    - SocketRocket
  - SocketRocket (0.4.1)

DEPENDENCIES:
  - MZFayeClient (from `../`)

EXTERNAL SOURCES:
  MZFayeClient:
    :path: ../

SPEC CHECKSUMS:
  MZFayeClient: ac3defb0026d26f025444eeb021117be9cab4642
  SocketRocket: ee0b5c34182d37bb4f1f8d628bbe737718126daa

COCOAPODS: 0.39.0.rc.1
