PODS:
  - Base64 (1.0.1)
  - MZFayeClient (1.0.1):
    - Base64 (~> 1.0.1)
    - SocketRocket (~> 0.3.1-beta2)
  - SocketRocket (0.3.1-beta2)

DEPENDENCIES:
  - MZFayeClient (from `../`)

EXTERNAL SOURCES:
  MZFayeClient:
    :path: "../"

SPEC CHECKSUMS:
  Base64: 4924bf3ca6fa559a5161ef717291bd450eb7bd1a
  MZFayeClient: 0249736408974dc5edb268bf3b96c579a8089450
  SocketRocket: 7284ab9370a06c99aba92b2fe3a32aedd0f9a6fa

COCOAPODS: 0.38.2
